{
  "requires": true,
  "lockfileVersion": 1,
  "dependencies": {
    "china.js": {
      "version": "4.2.0",
      "resolved": "https://registry.npmjs.org/china.js/-/china.js-4.2.0.tgz",
      "integrity": "sha512-N6HWLzsd0AkQN9LLIwzGEZzhBjqj4GZ90PDTEXAFxgoHTqrU88Y8jx4j+ZkW/FGvBfk/f6oRQfgZfQaa0KAUuQ=="
    },
    "claygl": {
      "version": "1.3.0",
      "resolved": "https://registry.npmjs.org/claygl/-/claygl-1.3.0.tgz",
      "integrity": "sha512-+gGtJjT6SSHD2l2yC3MCubW/sCV40tZuSs5opdtn79vFSGUgp/lH139RNEQ6Jy078/L0aV8odCw8RSrUcMfLaQ=="
    },
    "echarts": {
      "version": "5.2.0",
      "resolved": "https://registry.npmjs.org/echarts/-/echarts-5.2.0.tgz",
      "integrity": "sha512-7CrCKGRjFdpLIJ/Yt1gpHeqs5PiCem2GHPdWZPwKl7WSYeZu0Qzm1bcCFe9/b4dfVaL1zlY4JmdzaVwKksVeqg==",
      "requires": {
        "tslib": "2.3.0",
        "zrender": "5.2.0"
      }
    },
    "echarts-gl": {
      "version": "2.0.8",
      "resolved": "https://registry.npmjs.org/echarts-gl/-/echarts-gl-2.0.8.tgz",
      "integrity": "sha512-ayFmjLxdF9pRpnh1Lz5aOgjnLqL3WIGu0t4Bt+oFwXGsViU2XcjCkHZARsZdv05lySow8eMD9JYZGXfLpuqYng==",
      "requires": {
        "claygl": "^1.2.1",
        "zrender": "^5.1.1"
      }
    },
    "jquery": {
      "version": "3.6.0",
      "resolved": "https://registry.npmjs.org/jquery/-/jquery-3.6.0.tgz",
      "integrity": "sha512-JVzAR/AjBvVt2BmYhxRCSYysDsPcssdmTFnzyLEts9qNwmjmu4JTAMYubEfwVOSwpQ1I1sKKFcxhZCI2buerfw=="
    },
    "tslib": {
      "version": "2.3.0",
      "resolved": "https://registry.npmjs.org/tslib/-/tslib-2.3.0.tgz",
      "integrity": "sha512-N82ooyxVNm6h1riLCoyS9e3fuJ3AMG2zIZs2Gd1ATcSFjSA23Q0fzjjZeh0jbJvWVDZ0cJT8yaNNaaXHzueNjg=="
    },
    "zrender": {
      "version": "5.2.0",
      "resolved": "https://registry.npmjs.org/zrender/-/zrender-5.2.0.tgz",
      "integrity": "sha512-87v3gvB0lcWy48ObA/DwrhQ95ADMMRhECVrXmHDFCBNvbxHFfEDZtrZh4VmVjLAeFAjimY4PyZ65rbLCivdszA==",
      "requires": {
        "tslib": "2.3.0"
      }
    }
  }
}
